// !$*UTF8*$!
{
	archiveVersion = 1;
	classes = {
	};
	objectVersion = 56;
	objects = {

/* Begin PBXBuildFile section */
		5AEBF15C2A446AE4003D9252 /* TrackView.swift in Sources */ = {isa = PBXBuildFile; fileRef = 5AEBF15B2A446AE4003D9252 /* TrackView.swift */; };
		C16C40422A50C3F60038D6AD /* AppleMusicGenre.swift in Sources */ = {isa = PBXBuildFile; fileRef = C16C40412A50C3F60038D6AD /* AppleMusicGenre.swift */; };
		C16C40442A50CB110038D6AD /* AppleMusicAlbum.swift in Sources */ = {isa = PBXBuildFile; fileRef = C16C40432A50CB110038D6AD /* AppleMusicAlbum.swift */; };
		C16C40462A50CC960038D6AD /* AlbumCardView.swift in Sources */ = {isa = PBXBuildFile; fileRef = C16C40452A50CC960038D6AD /* AlbumCardView.swift */; };
		C16C404A2A5202E00038D6AD /* LastFMArtist.swift in Sources */ = {isa = PBXBuildFile; fileRef = C16C40492A5202E00038D6AD /* LastFMArtist.swift */; };
		C16C404C2A5204CA0038D6AD /* NetworkSession.swift in Sources */ = {isa = PBXBuildFile; fileRef = C16C404B2A5204CA0038D6AD /* NetworkSession.swift */; };
		C16C40502A520DEA0038D6AD /* LastFMGenre.swift in Sources */ = {isa = PBXBuildFile; fileRef = C16C404F2A520DEA0038D6AD /* LastFMGenre.swift */; };
		C16C40522A520F040038D6AD /* NetworkResponse.swift in Sources */ = {isa = PBXBuildFile; fileRef = C16C40512A520F040038D6AD /* NetworkResponse.swift */; };
		C16C40542A52144D0038D6AD /* LastFMAlbum.swift in Sources */ = {isa = PBXBuildFile; fileRef = C16C40532A52144D0038D6AD /* LastFMAlbum.swift */; };
		C16C40562A5217600038D6AD /* LastFMWiki.swift in Sources */ = {isa = PBXBuildFile; fileRef = C16C40552A5217600038D6AD /* LastFMWiki.swift */; };
		C16C40582A521B3A0038D6AD /* LastFMTrack.swift in Sources */ = {isa = PBXBuildFile; fileRef = C16C40572A521B3A0038D6AD /* LastFMTrack.swift */; };
		C17B20B02A43195B006EDAF7 /* MusilyApp.swift in Sources */ = {isa = PBXBuildFile; fileRef = C17B20AF2A43195B006EDAF7 /* MusilyApp.swift */; };
		C17B20B22A43195B006EDAF7 /* ContentView.swift in Sources */ = {isa = PBXBuildFile; fileRef = C17B20B12A43195B006EDAF7 /* ContentView.swift */; };
		C17B20B42A43195C006EDAF7 /* Assets.xcassets in Resources */ = {isa = PBXBuildFile; fileRef = C17B20B32A43195C006EDAF7 /* Assets.xcassets */; };
		C17B20B72A43195C006EDAF7 /* Preview Assets.xcassets in Resources */ = {isa = PBXBuildFile; fileRef = C17B20B62A43195C006EDAF7 /* Preview Assets.xcassets */; };
		C17B20C12A43195C006EDAF7 /* MusilyTests.swift in Sources */ = {isa = PBXBuildFile; fileRef = C17B20C02A43195C006EDAF7 /* MusilyTests.swift */; };
		C17B20CB2A43195C006EDAF7 /* MusilyUITests.swift in Sources */ = {isa = PBXBuildFile; fileRef = C17B20CA2A43195C006EDAF7 /* MusilyUITests.swift */; };
		C17B20CD2A43195C006EDAF7 /* MusilyUITestsLaunchTests.swift in Sources */ = {isa = PBXBuildFile; fileRef = C17B20CC2A43195C006EDAF7 /* MusilyUITestsLaunchTests.swift */; };
		C1ADF4602A4F6473000138B5 /* Onboarding1View.swift in Sources */ = {isa = PBXBuildFile; fileRef = C1ADF45F2A4F6473000138B5 /* Onboarding1View.swift */; };
		C1ADF4622A4F64A2000138B5 /* Onboarding2View.swift in Sources */ = {isa = PBXBuildFile; fileRef = C1ADF4612A4F64A2000138B5 /* Onboarding2View.swift */; };
		C1ADF4642A4F650A000138B5 /* CardView.swift in Sources */ = {isa = PBXBuildFile; fileRef = C1ADF4632A4F650A000138B5 /* CardView.swift */; };
		C1ADF4662A4F6590000138B5 /* IntroView.swift in Sources */ = {isa = PBXBuildFile; fileRef = C1ADF4652A4F6590000138B5 /* IntroView.swift */; };
		C1ADF4682A4F65B1000138B5 /* OnboardingTabView.swift in Sources */ = {isa = PBXBuildFile; fileRef = C1ADF4672A4F65B1000138B5 /* OnboardingTabView.swift */; };
		C1C86DA12A49B68C00BD6E81 /* AppleMusicSong.swift in Sources */ = {isa = PBXBuildFile; fileRef = C1C86DA02A49B68C00BD6E81 /* AppleMusicSong.swift */; };
		C1C86DA42A4A987300BD6E81 /* InstructionsView.swift in Sources */ = {isa = PBXBuildFile; fileRef = C1C86DA32A4A987300BD6E81 /* InstructionsView.swift */; };
		C1C86DA62A4A9A0D00BD6E81 /* SubscribeToAppleMusicView.swift in Sources */ = {isa = PBXBuildFile; fileRef = C1C86DA52A4A9A0D00BD6E81 /* SubscribeToAppleMusicView.swift */; };
		C1C86DB02A4DAF8000BD6E81 /* NetworkManager.swift in Sources */ = {isa = PBXBuildFile; fileRef = C1C86DAF2A4DAF8000BD6E81 /* NetworkManager.swift */; };
		C1C86DB42A4DC29800BD6E81 /* NetworkError.swift in Sources */ = {isa = PBXBuildFile; fileRef = C1C86DB32A4DC29800BD6E81 /* NetworkError.swift */; };
		C1C86DB82A4EF74600BD6E81 /* TrackViewModel.swift in Sources */ = {isa = PBXBuildFile; fileRef = C1C86DB72A4EF74600BD6E81 /* TrackViewModel.swift */; };
		C1C86DBB2A4EF83A00BD6E81 /* MediaInformationCard.swift in Sources */ = {isa = PBXBuildFile; fileRef = C1C86DBA2A4EF83A00BD6E81 /* MediaInformationCard.swift */; };
		C1C86DBD2A4F149B00BD6E81 /* AppleMusicPlayer.swift in Sources */ = {isa = PBXBuildFile; fileRef = C1C86DBC2A4F149B00BD6E81 /* AppleMusicPlayer.swift */; };
		FE39C6CC2A4B0D51007B475E /* InfoView.swift in Sources */ = {isa = PBXBuildFile; fileRef = FE39C6CB2A4B0D51007B475E /* InfoView.swift */; };
		FE4E95AA2A4C66DB0009B304 /* UIColor+.swift in Sources */ = {isa = PBXBuildFile; fileRef = FE4E95A92A4C66DB0009B304 /* UIColor+.swift */; };
		FE4E95AC2A4C76F80009B304 /* GenreView.swift in Sources */ = {isa = PBXBuildFile; fileRef = FE4E95AB2A4C76F80009B304 /* GenreView.swift */; };
		FEC2D69D2A51E32700F03412 /* MusicSlider.swift in Sources */ = {isa = PBXBuildFile; fileRef = FEC2D69C2A51E32700F03412 /* MusicSlider.swift */; };
/* End PBXBuildFile section */

/* Begin PBXContainerItemProxy section */
		C17B20BD2A43195C006EDAF7 /* PBXContainerItemProxy */ = {
			isa = PBXContainerItemProxy;
			containerPortal = C17B20A42A43195B006EDAF7 /* Project object */;
			proxyType = 1;
			remoteGlobalIDString = C17B20AB2A43195B006EDAF7;
			remoteInfo = Musily;
		};
		C17B20C72A43195C006EDAF7 /* PBXContainerItemProxy */ = {
			isa = PBXContainerItemProxy;
			containerPortal = C17B20A42A43195B006EDAF7 /* Project object */;
			proxyType = 1;
			remoteGlobalIDString = C17B20AB2A43195B006EDAF7;
			remoteInfo = Musily;
		};
/* End PBXContainerItemProxy section */

/* Begin PBXFileReference section */
		5AEBF15B2A446AE4003D9252 /* TrackView.swift */ = {isa = PBXFileReference; lastKnownFileType = sourcecode.swift; path = TrackView.swift; sourceTree = "<group>"; };
		C16C40412A50C3F60038D6AD /* AppleMusicGenre.swift */ = {isa = PBXFileReference; lastKnownFileType = sourcecode.swift; path = AppleMusicGenre.swift; sourceTree = "<group>"; };
		C16C40432A50CB110038D6AD /* AppleMusicAlbum.swift */ = {isa = PBXFileReference; lastKnownFileType = sourcecode.swift; path = AppleMusicAlbum.swift; sourceTree = "<group>"; };
		C16C40452A50CC960038D6AD /* AlbumCardView.swift */ = {isa = PBXFileReference; lastKnownFileType = sourcecode.swift; path = AlbumCardView.swift; sourceTree = "<group>"; };
		C16C40492A5202E00038D6AD /* LastFMArtist.swift */ = {isa = PBXFileReference; lastKnownFileType = sourcecode.swift; path = LastFMArtist.swift; sourceTree = "<group>"; };
		C16C404B2A5204CA0038D6AD /* NetworkSession.swift */ = {isa = PBXFileReference; lastKnownFileType = sourcecode.swift; path = NetworkSession.swift; sourceTree = "<group>"; };
		C16C404F2A520DEA0038D6AD /* LastFMGenre.swift */ = {isa = PBXFileReference; lastKnownFileType = sourcecode.swift; path = LastFMGenre.swift; sourceTree = "<group>"; };
		C16C40512A520F040038D6AD /* NetworkResponse.swift */ = {isa = PBXFileReference; lastKnownFileType = sourcecode.swift; path = NetworkResponse.swift; sourceTree = "<group>"; };
		C16C40532A52144D0038D6AD /* LastFMAlbum.swift */ = {isa = PBXFileReference; lastKnownFileType = sourcecode.swift; path = LastFMAlbum.swift; sourceTree = "<group>"; };
		C16C40552A5217600038D6AD /* LastFMWiki.swift */ = {isa = PBXFileReference; lastKnownFileType = sourcecode.swift; path = LastFMWiki.swift; sourceTree = "<group>"; };
		C16C40572A521B3A0038D6AD /* LastFMTrack.swift */ = {isa = PBXFileReference; lastKnownFileType = sourcecode.swift; path = LastFMTrack.swift; sourceTree = "<group>"; };
		C17B20AC2A43195B006EDAF7 /* Musily.app */ = {isa = PBXFileReference; explicitFileType = wrapper.application; includeInIndex = 0; path = Musily.app; sourceTree = BUILT_PRODUCTS_DIR; };
		C17B20AF2A43195B006EDAF7 /* MusilyApp.swift */ = {isa = PBXFileReference; lastKnownFileType = sourcecode.swift; path = MusilyApp.swift; sourceTree = "<group>"; };
		C17B20B12A43195B006EDAF7 /* ContentView.swift */ = {isa = PBXFileReference; lastKnownFileType = sourcecode.swift; path = ContentView.swift; sourceTree = "<group>"; };
		C17B20B32A43195C006EDAF7 /* Assets.xcassets */ = {isa = PBXFileReference; lastKnownFileType = folder.assetcatalog; path = Assets.xcassets; sourceTree = "<group>"; };
		C17B20B62A43195C006EDAF7 /* Preview Assets.xcassets */ = {isa = PBXFileReference; lastKnownFileType = folder.assetcatalog; path = "Preview Assets.xcassets"; sourceTree = "<group>"; };
		C17B20BC2A43195C006EDAF7 /* MusilyTests.xctest */ = {isa = PBXFileReference; explicitFileType = wrapper.cfbundle; includeInIndex = 0; path = MusilyTests.xctest; sourceTree = BUILT_PRODUCTS_DIR; };
		C17B20C02A43195C006EDAF7 /* MusilyTests.swift */ = {isa = PBXFileReference; lastKnownFileType = sourcecode.swift; path = MusilyTests.swift; sourceTree = "<group>"; };
		C17B20C62A43195C006EDAF7 /* MusilyUITests.xctest */ = {isa = PBXFileReference; explicitFileType = wrapper.cfbundle; includeInIndex = 0; path = MusilyUITests.xctest; sourceTree = BUILT_PRODUCTS_DIR; };
		C17B20CA2A43195C006EDAF7 /* MusilyUITests.swift */ = {isa = PBXFileReference; lastKnownFileType = sourcecode.swift; path = MusilyUITests.swift; sourceTree = "<group>"; };
		C17B20CC2A43195C006EDAF7 /* MusilyUITestsLaunchTests.swift */ = {isa = PBXFileReference; lastKnownFileType = sourcecode.swift; path = MusilyUITestsLaunchTests.swift; sourceTree = "<group>"; };
		C1ADF45F2A4F6473000138B5 /* Onboarding1View.swift */ = {isa = PBXFileReference; lastKnownFileType = sourcecode.swift; path = Onboarding1View.swift; sourceTree = "<group>"; };
		C1ADF4612A4F64A2000138B5 /* Onboarding2View.swift */ = {isa = PBXFileReference; lastKnownFileType = sourcecode.swift; path = Onboarding2View.swift; sourceTree = "<group>"; };
		C1ADF4632A4F650A000138B5 /* CardView.swift */ = {isa = PBXFileReference; lastKnownFileType = sourcecode.swift; path = CardView.swift; sourceTree = "<group>"; };
		C1ADF4652A4F6590000138B5 /* IntroView.swift */ = {isa = PBXFileReference; lastKnownFileType = sourcecode.swift; path = IntroView.swift; sourceTree = "<group>"; };
		C1ADF4672A4F65B1000138B5 /* OnboardingTabView.swift */ = {isa = PBXFileReference; lastKnownFileType = sourcecode.swift; path = OnboardingTabView.swift; sourceTree = "<group>"; };
		C1C86DA02A49B68C00BD6E81 /* AppleMusicSong.swift */ = {isa = PBXFileReference; lastKnownFileType = sourcecode.swift; path = AppleMusicSong.swift; sourceTree = "<group>"; };
		C1C86DA22A4A96B200BD6E81 /* Info.plist */ = {isa = PBXFileReference; lastKnownFileType = text.plist; path = Info.plist; sourceTree = "<group>"; };
		C1C86DA32A4A987300BD6E81 /* InstructionsView.swift */ = {isa = PBXFileReference; lastKnownFileType = sourcecode.swift; path = InstructionsView.swift; sourceTree = "<group>"; };
		C1C86DA52A4A9A0D00BD6E81 /* SubscribeToAppleMusicView.swift */ = {isa = PBXFileReference; lastKnownFileType = sourcecode.swift; path = SubscribeToAppleMusicView.swift; sourceTree = "<group>"; };
		C1C86DAF2A4DAF8000BD6E81 /* NetworkManager.swift */ = {isa = PBXFileReference; lastKnownFileType = sourcecode.swift; path = NetworkManager.swift; sourceTree = "<group>"; };
		C1C86DB32A4DC29800BD6E81 /* NetworkError.swift */ = {isa = PBXFileReference; lastKnownFileType = sourcecode.swift; path = NetworkError.swift; sourceTree = "<group>"; };
		C1C86DB72A4EF74600BD6E81 /* TrackViewModel.swift */ = {isa = PBXFileReference; lastKnownFileType = sourcecode.swift; path = TrackViewModel.swift; sourceTree = "<group>"; };
		C1C86DBA2A4EF83A00BD6E81 /* MediaInformationCard.swift */ = {isa = PBXFileReference; lastKnownFileType = sourcecode.swift; path = MediaInformationCard.swift; sourceTree = "<group>"; };
		C1C86DBC2A4F149B00BD6E81 /* AppleMusicPlayer.swift */ = {isa = PBXFileReference; lastKnownFileType = sourcecode.swift; path = AppleMusicPlayer.swift; sourceTree = "<group>"; };
		FE39C6CB2A4B0D51007B475E /* InfoView.swift */ = {isa = PBXFileReference; lastKnownFileType = sourcecode.swift; path = InfoView.swift; sourceTree = "<group>"; };
		FE4E95A92A4C66DB0009B304 /* UIColor+.swift */ = {isa = PBXFileReference; lastKnownFileType = sourcecode.swift; path = "UIColor+.swift"; sourceTree = "<group>"; };
		FE4E95AB2A4C76F80009B304 /* GenreView.swift */ = {isa = PBXFileReference; lastKnownFileType = sourcecode.swift; path = GenreView.swift; sourceTree = "<group>"; };
		FEC2D69C2A51E32700F03412 /* MusicSlider.swift */ = {isa = PBXFileReference; lastKnownFileType = sourcecode.swift; path = MusicSlider.swift; sourceTree = "<group>"; };
/* End PBXFileReference section */

/* Begin PBXFrameworksBuildPhase section */
		C17B20A92A43195B006EDAF7 /* Frameworks */ = {
			isa = PBXFrameworksBuildPhase;
			buildActionMask = 2147483647;
			files = (
			);
			runOnlyForDeploymentPostprocessing = 0;
		};
		C17B20B92A43195C006EDAF7 /* Frameworks */ = {
			isa = PBXFrameworksBuildPhase;
			buildActionMask = 2147483647;
			files = (
			);
			runOnlyForDeploymentPostprocessing = 0;
		};
		C17B20C32A43195C006EDAF7 /* Frameworks */ = {
			isa = PBXFrameworksBuildPhase;
			buildActionMask = 2147483647;
			files = (
			);
			runOnlyForDeploymentPostprocessing = 0;
		};
/* End PBXFrameworksBuildPhase section */

/* Begin PBXGroup section */
		5AEBF15A2A446A8D003D9252 /* Model */ = {
			isa = PBXGroup;
			children = (
				C1C86DA02A49B68C00BD6E81 /* AppleMusicSong.swift */,
				FE4E95A92A4C66DB0009B304 /* UIColor+.swift */,
				C1C86DB32A4DC29800BD6E81 /* NetworkError.swift */,
				C1C86DBA2A4EF83A00BD6E81 /* MediaInformationCard.swift */,
				C16C40412A50C3F60038D6AD /* AppleMusicGenre.swift */,
				C16C40432A50CB110038D6AD /* AppleMusicAlbum.swift */,
				C16C40492A5202E00038D6AD /* LastFMArtist.swift */,
				C16C404F2A520DEA0038D6AD /* LastFMGenre.swift */,
				C16C40512A520F040038D6AD /* NetworkResponse.swift */,
				C16C40532A52144D0038D6AD /* LastFMAlbum.swift */,
				C16C40552A5217600038D6AD /* LastFMWiki.swift */,
				C16C40572A521B3A0038D6AD /* LastFMTrack.swift */,
			);
			path = Model;
			sourceTree = "<group>";
		};
		C17B20A32A43195B006EDAF7 = {
			isa = PBXGroup;
			children = (
				C17B20AE2A43195B006EDAF7 /* Musily */,
				C17B20BF2A43195C006EDAF7 /* MusilyTests */,
				C17B20C92A43195C006EDAF7 /* MusilyUITests */,
				C17B20AD2A43195B006EDAF7 /* Products */,
			);
			sourceTree = "<group>";
		};
		C17B20AD2A43195B006EDAF7 /* Products */ = {
			isa = PBXGroup;
			children = (
				C17B20AC2A43195B006EDAF7 /* Musily.app */,
				C17B20BC2A43195C006EDAF7 /* MusilyTests.xctest */,
				C17B20C62A43195C006EDAF7 /* MusilyUITests.xctest */,
			);
			name = Products;
			sourceTree = "<group>";
		};
		C17B20AE2A43195B006EDAF7 /* Musily */ = {
			isa = PBXGroup;
			children = (
				C1C86DB92A4EF7EB00BD6E81 /* Views */,
				C1C86DAE2A4DAF6C00BD6E81 /* Utilities */,
				5AEBF15A2A446A8D003D9252 /* Model */,
				C1C86DA22A4A96B200BD6E81 /* Info.plist */,
				C17B20AF2A43195B006EDAF7 /* MusilyApp.swift */,
				C17B20B32A43195C006EDAF7 /* Assets.xcassets */,
				C17B20B52A43195C006EDAF7 /* Preview Content */,
			);
			path = Musily;
			sourceTree = "<group>";
		};
		C17B20B52A43195C006EDAF7 /* Preview Content */ = {
			isa = PBXGroup;
			children = (
				C17B20B62A43195C006EDAF7 /* Preview Assets.xcassets */,
			);
			path = "Preview Content";
			sourceTree = "<group>";
		};
		C17B20BF2A43195C006EDAF7 /* MusilyTests */ = {
			isa = PBXGroup;
			children = (
				C17B20C02A43195C006EDAF7 /* MusilyTests.swift */,
			);
			path = MusilyTests;
			sourceTree = "<group>";
		};
		C17B20C92A43195C006EDAF7 /* MusilyUITests */ = {
			isa = PBXGroup;
			children = (
				C17B20CA2A43195C006EDAF7 /* MusilyUITests.swift */,
				C17B20CC2A43195C006EDAF7 /* MusilyUITestsLaunchTests.swift */,
			);
			path = MusilyUITests;
			sourceTree = "<group>";
		};
		C1C86DAE2A4DAF6C00BD6E81 /* Utilities */ = {
			isa = PBXGroup;
			children = (
				C1C86DAF2A4DAF8000BD6E81 /* NetworkManager.swift */,
				C1C86DBC2A4F149B00BD6E81 /* AppleMusicPlayer.swift */,
				FEC2D69C2A51E32700F03412 /* MusicSlider.swift */,
				C16C404B2A5204CA0038D6AD /* NetworkSession.swift */,
			);
			path = Utilities;
			sourceTree = "<group>";
		};
		C1C86DB62A4EF70400BD6E81 /* TrackView */ = {
			isa = PBXGroup;
			children = (
				5AEBF15B2A446AE4003D9252 /* TrackView.swift */,
				C1C86DB72A4EF74600BD6E81 /* TrackViewModel.swift */,
			);
			name = TrackView;
			path = ..;
			sourceTree = "<group>";
		};
		C1C86DB92A4EF7EB00BD6E81 /* Views */ = {
			isa = PBXGroup;
			children = (
				C17B20B12A43195B006EDAF7 /* ContentView.swift */,
				C1C86DA32A4A987300BD6E81 /* InstructionsView.swift */,
				C1C86DA52A4A9A0D00BD6E81 /* SubscribeToAppleMusicView.swift */,
				FE4E95AB2A4C76F80009B304 /* GenreView.swift */,
				FE39C6CB2A4B0D51007B475E /* InfoView.swift */,
				C1C86DB62A4EF70400BD6E81 /* TrackView */,
				C1ADF45F2A4F6473000138B5 /* Onboarding1View.swift */,
				C1ADF4612A4F64A2000138B5 /* Onboarding2View.swift */,
				C1ADF4632A4F650A000138B5 /* CardView.swift */,
				C1ADF4652A4F6590000138B5 /* IntroView.swift */,
				C1ADF4672A4F65B1000138B5 /* OnboardingTabView.swift */,
				C16C40452A50CC960038D6AD /* AlbumCardView.swift */,
			);
			path = Views;
			sourceTree = "<group>";
		};
/* End PBXGroup section */

/* Begin PBXNativeTarget section */
		C17B20AB2A43195B006EDAF7 /* Musily */ = {
			isa = PBXNativeTarget;
			buildConfigurationList = C17B20D02A43195C006EDAF7 /* Build configuration list for PBXNativeTarget "Musily" */;
			buildPhases = (
				C17B20A82A43195B006EDAF7 /* Sources */,
				C17B20A92A43195B006EDAF7 /* Frameworks */,
				C17B20AA2A43195B006EDAF7 /* Resources */,
			);
			buildRules = (
			);
			dependencies = (
			);
			name = Musily;
			productName = Musily;
			productReference = C17B20AC2A43195B006EDAF7 /* Musily.app */;
			productType = "com.apple.product-type.application";
		};
		C17B20BB2A43195C006EDAF7 /* MusilyTests */ = {
			isa = PBXNativeTarget;
			buildConfigurationList = C17B20D32A43195C006EDAF7 /* Build configuration list for PBXNativeTarget "MusilyTests" */;
			buildPhases = (
				C17B20B82A43195C006EDAF7 /* Sources */,
				C17B20B92A43195C006EDAF7 /* Frameworks */,
				C17B20BA2A43195C006EDAF7 /* Resources */,
			);
			buildRules = (
			);
			dependencies = (
				C17B20BE2A43195C006EDAF7 /* PBXTargetDependency */,
			);
			name = MusilyTests;
			productName = MusilyTests;
			productReference = C17B20BC2A43195C006EDAF7 /* MusilyTests.xctest */;
			productType = "com.apple.product-type.bundle.unit-test";
		};
		C17B20C52A43195C006EDAF7 /* MusilyUITests */ = {
			isa = PBXNativeTarget;
			buildConfigurationList = C17B20D62A43195C006EDAF7 /* Build configuration list for PBXNativeTarget "MusilyUITests" */;
			buildPhases = (
				C17B20C22A43195C006EDAF7 /* Sources */,
				C17B20C32A43195C006EDAF7 /* Frameworks */,
				C17B20C42A43195C006EDAF7 /* Resources */,
			);
			buildRules = (
			);
			dependencies = (
				C17B20C82A43195C006EDAF7 /* PBXTargetDependency */,
			);
			name = MusilyUITests;
			productName = MusilyUITests;
			productReference = C17B20C62A43195C006EDAF7 /* MusilyUITests.xctest */;
			productType = "com.apple.product-type.bundle.ui-testing";
		};
/* End PBXNativeTarget section */

/* Begin PBXProject section */
		C17B20A42A43195B006EDAF7 /* Project object */ = {
			isa = PBXProject;
			attributes = {
				BuildIndependentTargetsInParallel = 1;
				LastSwiftUpdateCheck = 1430;
				LastUpgradeCheck = 1430;
				TargetAttributes = {
					C17B20AB2A43195B006EDAF7 = {
						CreatedOnToolsVersion = 14.3.1;
					};
					C17B20BB2A43195C006EDAF7 = {
						CreatedOnToolsVersion = 14.3.1;
						TestTargetID = C17B20AB2A43195B006EDAF7;
					};
					C17B20C52A43195C006EDAF7 = {
						CreatedOnToolsVersion = 14.3.1;
						TestTargetID = C17B20AB2A43195B006EDAF7;
					};
				};
			};
			buildConfigurationList = C17B20A72A43195B006EDAF7 /* Build configuration list for PBXProject "Musily" */;
			compatibilityVersion = "Xcode 14.0";
			developmentRegion = en;
			hasScannedForEncodings = 0;
			knownRegions = (
				en,
				Base,
			);
			mainGroup = C17B20A32A43195B006EDAF7;
			productRefGroup = C17B20AD2A43195B006EDAF7 /* Products */;
			projectDirPath = "";
			projectRoot = "";
			targets = (
				C17B20AB2A43195B006EDAF7 /* Musily */,
				C17B20BB2A43195C006EDAF7 /* MusilyTests */,
				C17B20C52A43195C006EDAF7 /* MusilyUITests */,
			);
		};
/* End PBXProject section */

/* Begin PBXResourcesBuildPhase section */
		C17B20AA2A43195B006EDAF7 /* Resources */ = {
			isa = PBXResourcesBuildPhase;
			buildActionMask = 2147483647;
			files = (
				C17B20B72A43195C006EDAF7 /* Preview Assets.xcassets in Resources */,
				C17B20B42A43195C006EDAF7 /* Assets.xcassets in Resources */,
			);
			runOnlyForDeploymentPostprocessing = 0;
		};
		C17B20BA2A43195C006EDAF7 /* Resources */ = {
			isa = PBXResourcesBuildPhase;
			buildActionMask = 2147483647;
			files = (
			);
			runOnlyForDeploymentPostprocessing = 0;
		};
		C17B20C42A43195C006EDAF7 /* Resources */ = {
			isa = PBXResourcesBuildPhase;
			buildActionMask = 2147483647;
			files = (
			);
			runOnlyForDeploymentPostprocessing = 0;
		};
/* End PBXResourcesBuildPhase section */

/* Begin PBXSourcesBuildPhase section */
		C17B20A82A43195B006EDAF7 /* Sources */ = {
			isa = PBXSourcesBuildPhase;
			buildActionMask = 2147483647;
			files = (
				C1C86DB82A4EF74600BD6E81 /* TrackViewModel.swift in Sources */,
				FE39C6CC2A4B0D51007B475E /* InfoView.swift in Sources */,
				C1C86DA42A4A987300BD6E81 /* InstructionsView.swift in Sources */,
				C16C40422A50C3F60038D6AD /* AppleMusicGenre.swift in Sources */,
				C17B20B22A43195B006EDAF7 /* ContentView.swift in Sources */,
				C1C86DB02A4DAF8000BD6E81 /* NetworkManager.swift in Sources */,
				FE4E95AC2A4C76F80009B304 /* GenreView.swift in Sources */,
				C16C404C2A5204CA0038D6AD /* NetworkSession.swift in Sources */,
				5AEBF15C2A446AE4003D9252 /* TrackView.swift in Sources */,
				C16C40442A50CB110038D6AD /* AppleMusicAlbum.swift in Sources */,
				C17B20B02A43195B006EDAF7 /* MusilyApp.swift in Sources */,
				C1C86DBD2A4F149B00BD6E81 /* AppleMusicPlayer.swift in Sources */,
				C1C86DB42A4DC29800BD6E81 /* NetworkError.swift in Sources */,
				C1ADF4642A4F650A000138B5 /* CardView.swift in Sources */,
				C1C86DA12A49B68C00BD6E81 /* AppleMusicSong.swift in Sources */,
				C1ADF4662A4F6590000138B5 /* IntroView.swift in Sources */,
				C1C86DA62A4A9A0D00BD6E81 /* SubscribeToAppleMusicView.swift in Sources */,
				FEC2D69D2A51E32700F03412 /* MusicSlider.swift in Sources */,
				C16C40522A520F040038D6AD /* NetworkResponse.swift in Sources */,
				C1ADF4682A4F65B1000138B5 /* OnboardingTabView.swift in Sources */,
				C16C404A2A5202E00038D6AD /* LastFMArtist.swift in Sources */,
				C1C86DBB2A4EF83A00BD6E81 /* MediaInformationCard.swift in Sources */,
				FE4E95AA2A4C66DB0009B304 /* UIColor+.swift in Sources */,
				C16C40502A520DEA0038D6AD /* LastFMGenre.swift in Sources */,
				C16C40462A50CC960038D6AD /* AlbumCardView.swift in Sources */,
				C16C40542A52144D0038D6AD /* LastFMAlbum.swift in Sources */,
				C1ADF4622A4F64A2000138B5 /* Onboarding2View.swift in Sources */,
				C16C40582A521B3A0038D6AD /* LastFMTrack.swift in Sources */,
				C16C40562A5217600038D6AD /* LastFMWiki.swift in Sources */,
				C1ADF4602A4F6473000138B5 /* Onboarding1View.swift in Sources */,
			);
			runOnlyForDeploymentPostprocessing = 0;
		};
		C17B20B82A43195C006EDAF7 /* Sources */ = {
			isa = PBXSourcesBuildPhase;
			buildActionMask = 2147483647;
			files = (
				C17B20C12A43195C006EDAF7 /* MusilyTests.swift in Sources */,
			);
			runOnlyForDeploymentPostprocessing = 0;
		};
		C17B20C22A43195C006EDAF7 /* Sources */ = {
			isa = PBXSourcesBuildPhase;
			buildActionMask = 2147483647;
			files = (
				C17B20CB2A43195C006EDAF7 /* MusilyUITests.swift in Sources */,
				C17B20CD2A43195C006EDAF7 /* MusilyUITestsLaunchTests.swift in Sources */,
			);
			runOnlyForDeploymentPostprocessing = 0;
		};
/* End PBXSourcesBuildPhase section */

/* Begin PBXTargetDependency section */
		C17B20BE2A43195C006EDAF7 /* PBXTargetDependency */ = {
			isa = PBXTargetDependency;
			target = C17B20AB2A43195B006EDAF7 /* Musily */;
			targetProxy = C17B20BD2A43195C006EDAF7 /* PBXContainerItemProxy */;
		};
		C17B20C82A43195C006EDAF7 /* PBXTargetDependency */ = {
			isa = PBXTargetDependency;
			target = C17B20AB2A43195B006EDAF7 /* Musily */;
			targetProxy = C17B20C72A43195C006EDAF7 /* PBXContainerItemProxy */;
		};
/* End PBXTargetDependency section */

/* Begin XCBuildConfiguration section */
		C17B20CE2A43195C006EDAF7 /* Debug */ = {
			isa = XCBuildConfiguration;
			buildSettings = {
				ALWAYS_SEARCH_USER_PATHS = NO;
				CLANG_ANALYZER_NONNULL = YES;
				CLANG_ANALYZER_NUMBER_OBJECT_CONVERSION = YES_AGGRESSIVE;
				CLANG_CXX_LANGUAGE_STANDARD = "gnu++20";
				CLANG_ENABLE_MODULES = YES;
				CLANG_ENABLE_OBJC_ARC = YES;
				CLANG_ENABLE_OBJC_WEAK = YES;
				CLANG_WARN_BLOCK_CAPTURE_AUTORELEASING = YES;
				CLANG_WARN_BOOL_CONVERSION = YES;
				CLANG_WARN_COMMA = YES;
				CLANG_WARN_CONSTANT_CONVERSION = YES;
				CLANG_WARN_DEPRECATED_OBJC_IMPLEMENTATIONS = YES;
				CLANG_WARN_DIRECT_OBJC_ISA_USAGE = YES_ERROR;
				CLANG_WARN_DOCUMENTATION_COMMENTS = YES;
				CLANG_WARN_EMPTY_BODY = YES;
				CLANG_WARN_ENUM_CONVERSION = YES;
				CLANG_WARN_INFINITE_RECURSION = YES;
				CLANG_WARN_INT_CONVERSION = YES;
				CLANG_WARN_NON_LITERAL_NULL_CONVERSION = YES;
				CLANG_WARN_OBJC_IMPLICIT_RETAIN_SELF = YES;
				CLANG_WARN_OBJC_LITERAL_CONVERSION = YES;
				CLANG_WARN_OBJC_ROOT_CLASS = YES_ERROR;
				CLANG_WARN_QUOTED_INCLUDE_IN_FRAMEWORK_HEADER = YES;
				CLANG_WARN_RANGE_LOOP_ANALYSIS = YES;
				CLANG_WARN_STRICT_PROTOTYPES = YES;
				CLANG_WARN_SUSPICIOUS_MOVE = YES;
				CLANG_WARN_UNGUARDED_AVAILABILITY = YES_AGGRESSIVE;
				CLANG_WARN_UNREACHABLE_CODE = YES;
				CLANG_WARN__DUPLICATE_METHOD_MATCH = YES;
				COPY_PHASE_STRIP = NO;
				DEBUG_INFORMATION_FORMAT = dwarf;
				ENABLE_STRICT_OBJC_MSGSEND = YES;
				ENABLE_TESTABILITY = YES;
				GCC_C_LANGUAGE_STANDARD = gnu11;
				GCC_DYNAMIC_NO_PIC = NO;
				GCC_NO_COMMON_BLOCKS = YES;
				GCC_OPTIMIZATION_LEVEL = 0;
				GCC_PREPROCESSOR_DEFINITIONS = (
					"DEBUG=1",
					"$(inherited)",
				);
				GCC_WARN_64_TO_32_BIT_CONVERSION = YES;
				GCC_WARN_ABOUT_RETURN_TYPE = YES_ERROR;
				GCC_WARN_UNDECLARED_SELECTOR = YES;
				GCC_WARN_UNINITIALIZED_AUTOS = YES_AGGRESSIVE;
				GCC_WARN_UNUSED_FUNCTION = YES;
				GCC_WARN_UNUSED_VARIABLE = YES;
				IPHONEOS_DEPLOYMENT_TARGET = 16.4;
				MTL_ENABLE_DEBUG_INFO = INCLUDE_SOURCE;
				MTL_FAST_MATH = YES;
				ONLY_ACTIVE_ARCH = YES;
				SDKROOT = iphoneos;
				SWIFT_ACTIVE_COMPILATION_CONDITIONS = DEBUG;
				SWIFT_OPTIMIZATION_LEVEL = "-Onone";
			};
			name = Debug;
		};
		C17B20CF2A43195C006EDAF7 /* Release */ = {
			isa = XCBuildConfiguration;
			buildSettings = {
				ALWAYS_SEARCH_USER_PATHS = NO;
				CLANG_ANALYZER_NONNULL = YES;
				CLANG_ANALYZER_NUMBER_OBJECT_CONVERSION = YES_AGGRESSIVE;
				CLANG_CXX_LANGUAGE_STANDARD = "gnu++20";
				CLANG_ENABLE_MODULES = YES;
				CLANG_ENABLE_OBJC_ARC = YES;
				CLANG_ENABLE_OBJC_WEAK = YES;
				CLANG_WARN_BLOCK_CAPTURE_AUTORELEASING = YES;
				CLANG_WARN_BOOL_CONVERSION = YES;
				CLANG_WARN_COMMA = YES;
				CLANG_WARN_CONSTANT_CONVERSION = YES;
				CLANG_WARN_DEPRECATED_OBJC_IMPLEMENTATIONS = YES;
				CLANG_WARN_DIRECT_OBJC_ISA_USAGE = YES_ERROR;
				CLANG_WARN_DOCUMENTATION_COMMENTS = YES;
				CLANG_WARN_EMPTY_BODY = YES;
				CLANG_WARN_ENUM_CONVERSION = YES;
				CLANG_WARN_INFINITE_RECURSION = YES;
				CLANG_WARN_INT_CONVERSION = YES;
				CLANG_WARN_NON_LITERAL_NULL_CONVERSION = YES;
				CLANG_WARN_OBJC_IMPLICIT_RETAIN_SELF = YES;
				CLANG_WARN_OBJC_LITERAL_CONVERSION = YES;
				CLANG_WARN_OBJC_ROOT_CLASS = YES_ERROR;
				CLANG_WARN_QUOTED_INCLUDE_IN_FRAMEWORK_HEADER = YES;
				CLANG_WARN_RANGE_LOOP_ANALYSIS = YES;
				CLANG_WARN_STRICT_PROTOTYPES = YES;
				CLANG_WARN_SUSPICIOUS_MOVE = YES;
				CLANG_WARN_UNGUARDED_AVAILABILITY = YES_AGGRESSIVE;
				CLANG_WARN_UNREACHABLE_CODE = YES;
				CLANG_WARN__DUPLICATE_METHOD_MATCH = YES;
				COPY_PHASE_STRIP = NO;
				DEBUG_INFORMATION_FORMAT = "dwarf-with-dsym";
				ENABLE_NS_ASSERTIONS = NO;
				ENABLE_STRICT_OBJC_MSGSEND = YES;
				GCC_C_LANGUAGE_STANDARD = gnu11;
				GCC_NO_COMMON_BLOCKS = YES;
				GCC_WARN_64_TO_32_BIT_CONVERSION = YES;
				GCC_WARN_ABOUT_RETURN_TYPE = YES_ERROR;
				GCC_WARN_UNDECLARED_SELECTOR = YES;
				GCC_WARN_UNINITIALIZED_AUTOS = YES_AGGRESSIVE;
				GCC_WARN_UNUSED_FUNCTION = YES;
				GCC_WARN_UNUSED_VARIABLE = YES;
				IPHONEOS_DEPLOYMENT_TARGET = 16.4;
				MTL_ENABLE_DEBUG_INFO = NO;
				MTL_FAST_MATH = YES;
				SDKROOT = iphoneos;
				SWIFT_COMPILATION_MODE = wholemodule;
				SWIFT_OPTIMIZATION_LEVEL = "-O";
				VALIDATE_PRODUCT = YES;
			};
			name = Release;
		};
		C17B20D12A43195C006EDAF7 /* Debug */ = {
			isa = XCBuildConfiguration;
			buildSettings = {
				ASSETCATALOG_COMPILER_APPICON_NAME = AppIcon;
				ASSETCATALOG_COMPILER_GLOBAL_ACCENT_COLOR_NAME = AccentColor;
				CODE_SIGN_STYLE = Automatic;
				CURRENT_PROJECT_VERSION = 1;
				DEVELOPMENT_ASSET_PATHS = "\"Musily/Preview Content\"";
				DEVELOPMENT_TEAM = 7P886DJU8X;
				ENABLE_PREVIEWS = YES;
				GENERATE_INFOPLIST_FILE = YES;
				INFOPLIST_FILE = Musily/Info.plist;
				INFOPLIST_KEY_LSApplicationCategoryType = "";
				INFOPLIST_KEY_NSAppleMusicUsageDescription = "Please allow access to Apple Music.";
				INFOPLIST_KEY_UIApplicationSceneManifest_Generation = YES;
				INFOPLIST_KEY_UIApplicationSupportsIndirectInputEvents = YES;
				INFOPLIST_KEY_UILaunchScreen_Generation = YES;
				INFOPLIST_KEY_UISupportedInterfaceOrientations_iPad = "UIInterfaceOrientationPortrait UIInterfaceOrientationPortraitUpsideDown UIInterfaceOrientationLandscapeLeft UIInterfaceOrientationLandscapeRight";
				INFOPLIST_KEY_UISupportedInterfaceOrientations_iPhone = "UIInterfaceOrientationPortrait UIInterfaceOrientationLandscapeLeft UIInterfaceOrientationLandscapeRight";
				LD_RUNPATH_SEARCH_PATHS = (
					"$(inherited)",
					"@executable_path/Frameworks",
				);
				MARKETING_VERSION = 1.0;
				PRODUCT_BUNDLE_IDENTIFIER = appleDeveloperAcademy.Musily;
				PRODUCT_NAME = "$(TARGET_NAME)";
				SWIFT_EMIT_LOC_STRINGS = YES;
				SWIFT_VERSION = 5.0;
				TARGETED_DEVICE_FAMILY = "1,2";
			};
			name = Debug;
		};
		C17B20D22A43195C006EDAF7 /* Release */ = {
			isa = XCBuildConfiguration;
			buildSettings = {
				ASSETCATALOG_COMPILER_APPICON_NAME = AppIcon;
				ASSETCATALOG_COMPILER_GLOBAL_ACCENT_COLOR_NAME = AccentColor;
				CODE_SIGN_IDENTITY = "Apple Development";
				CODE_SIGN_STYLE = Automatic;
				CURRENT_PROJECT_VERSION = 1;
				DEVELOPMENT_ASSET_PATHS = "\"Musily/Preview Content\"";
				DEVELOPMENT_TEAM = 7P886DJU8X;
				ENABLE_PREVIEWS = YES;
				GENERATE_INFOPLIST_FILE = YES;
				INFOPLIST_FILE = Musily/Info.plist;
				INFOPLIST_KEY_LSApplicationCategoryType = "";
				INFOPLIST_KEY_NSAppleMusicUsageDescription = "Please allow access to Apple Music.";
				INFOPLIST_KEY_UIApplicationSceneManifest_Generation = YES;
				INFOPLIST_KEY_UIApplicationSupportsIndirectInputEvents = YES;
				INFOPLIST_KEY_UILaunchScreen_Generation = YES;
				INFOPLIST_KEY_UISupportedInterfaceOrientations_iPad = "UIInterfaceOrientationPortrait UIInterfaceOrientationPortraitUpsideDown UIInterfaceOrientationLandscapeLeft UIInterfaceOrientationLandscapeRight";
				INFOPLIST_KEY_UISupportedInterfaceOrientations_iPhone = "UIInterfaceOrientationPortrait UIInterfaceOrientationLandscapeLeft UIInterfaceOrientationLandscapeRight";
				LD_RUNPATH_SEARCH_PATHS = (
					"$(inherited)",
					"@executable_path/Frameworks",
				);
				MARKETING_VERSION = 1.0;
				PRODUCT_BUNDLE_IDENTIFIER = appleDeveloperAcademy.Musily;
				PRODUCT_NAME = "$(TARGET_NAME)";
				PROVISIONING_PROFILE_SPECIFIER = "";
				SWIFT_EMIT_LOC_STRINGS = YES;
				SWIFT_VERSION = 5.0;
				TARGETED_DEVICE_FAMILY = "1,2";
			};
			name = Release;
		};
		C17B20D42A43195C006EDAF7 /* Debug */ = {
			isa = XCBuildConfiguration;
			buildSettings = {
				ALWAYS_EMBED_SWIFT_STANDARD_LIBRARIES = YES;
				BUNDLE_LOADER = "$(TEST_HOST)";
				CODE_SIGN_STYLE = Automatic;
				CURRENT_PROJECT_VERSION = 1;
				DEVELOPMENT_TEAM = 7P886DJU8X;
				GENERATE_INFOPLIST_FILE = YES;
				IPHONEOS_DEPLOYMENT_TARGET = 16.4;
				MARKETING_VERSION = 1.0;
				PRODUCT_BUNDLE_IDENTIFIER = appleDeveloperAcademy.MusilyTests;
				PRODUCT_NAME = "$(TARGET_NAME)";
				SWIFT_EMIT_LOC_STRINGS = NO;
				SWIFT_VERSION = 5.0;
				TARGETED_DEVICE_FAMILY = "1,2";
				TEST_HOST = "$(BUILT_PRODUCTS_DIR)/Musily.app/$(BUNDLE_EXECUTABLE_FOLDER_PATH)/Musily";
			};
			name = Debug;
		};
		C17B20D52A43195C006EDAF7 /* Release */ = {
			isa = XCBuildConfiguration;
			buildSettings = {
				ALWAYS_EMBED_SWIFT_STANDARD_LIBRARIES = YES;
				BUNDLE_LOADER = "$(TEST_HOST)";
				CODE_SIGN_STYLE = Automatic;
				CURRENT_PROJECT_VERSION = 1;
				DEVELOPMENT_TEAM = 7P886DJU8X;
				GENERATE_INFOPLIST_FILE = YES;
				IPHONEOS_DEPLOYMENT_TARGET = 16.4;
				MARKETING_VERSION = 1.0;
				PRODUCT_BUNDLE_IDENTIFIER = appleDeveloperAcademy.MusilyTests;
				PRODUCT_NAME = "$(TARGET_NAME)";
				SWIFT_EMIT_LOC_STRINGS = NO;
				SWIFT_VERSION = 5.0;
				TARGETED_DEVICE_FAMILY = "1,2";
				TEST_HOST = "$(BUILT_PRODUCTS_DIR)/Musily.app/$(BUNDLE_EXECUTABLE_FOLDER_PATH)/Musily";
			};
			name = Release;
		};
		C17B20D72A43195C006EDAF7 /* Debug */ = {
			isa = XCBuildConfiguration;
			buildSettings = {
				ALWAYS_EMBED_SWIFT_STANDARD_LIBRARIES = YES;
				CODE_SIGN_STYLE = Automatic;
				CURRENT_PROJECT_VERSION = 1;
				DEVELOPMENT_TEAM = 7P886DJU8X;
				GENERATE_INFOPLIST_FILE = YES;
				MARKETING_VERSION = 1.0;
				PRODUCT_BUNDLE_IDENTIFIER = appleDeveloperAcademy.MusilyUITests;
				PRODUCT_NAME = "$(TARGET_NAME)";
				SWIFT_EMIT_LOC_STRINGS = NO;
				SWIFT_VERSION = 5.0;
				TARGETED_DEVICE_FAMILY = "1,2";
				TEST_TARGET_NAME = Musily;
			};
			name = Debug;
		};
		C17B20D82A43195C006EDAF7 /* Release */ = {
			isa = XCBuildConfiguration;
			buildSettings = {
				ALWAYS_EMBED_SWIFT_STANDARD_LIBRARIES = YES;
				CODE_SIGN_STYLE = Automatic;
				CURRENT_PROJECT_VERSION = 1;
				DEVELOPMENT_TEAM = 7P886DJU8X;
				GENERATE_INFOPLIST_FILE = YES;
				MARKETING_VERSION = 1.0;
				PRODUCT_BUNDLE_IDENTIFIER = appleDeveloperAcademy.MusilyUITests;
				PRODUCT_NAME = "$(TARGET_NAME)";
				SWIFT_EMIT_LOC_STRINGS = NO;
				SWIFT_VERSION = 5.0;
				TARGETED_DEVICE_FAMILY = "1,2";
				TEST_TARGET_NAME = Musily;
			};
			name = Release;
		};
/* End XCBuildConfiguration section */

/* Begin XCConfigurationList section */
		C17B20A72A43195B006EDAF7 /* Build configuration list for PBXProject "Musily" */ = {
			isa = XCConfigurationList;
			buildConfigurations = (
				C17B20CE2A43195C006EDAF7 /* Debug */,
				C17B20CF2A43195C006EDAF7 /* Release */,
			);
			defaultConfigurationIsVisible = 0;
			defaultConfigurationName = Release;
		};
		C17B20D02A43195C006EDAF7 /* Build configuration list for PBXNativeTarget "Musily" */ = {
			isa = XCConfigurationList;
			buildConfigurations = (
				C17B20D12A43195C006EDAF7 /* Debug */,
				C17B20D22A43195C006EDAF7 /* Release */,
			);
			defaultConfigurationIsVisible = 0;
			defaultConfigurationName = Release;
		};
		C17B20D32A43195C006EDAF7 /* Build configuration list for PBXNativeTarget "MusilyTests" */ = {
			isa = XCConfigurationList;
			buildConfigurations = (
				C17B20D42A43195C006EDAF7 /* Debug */,
				C17B20D52A43195C006EDAF7 /* Release */,
			);
			defaultConfigurationIsVisible = 0;
			defaultConfigurationName = Release;
		};
		C17B20D62A43195C006EDAF7 /* Build configuration list for PBXNativeTarget "MusilyUITests" */ = {
			isa = XCConfigurationList;
			buildConfigurations = (
				C17B20D72A43195C006EDAF7 /* Debug */,
				C17B20D82A43195C006EDAF7 /* Release */,
			);
			defaultConfigurationIsVisible = 0;
			defaultConfigurationName = Release;
		};
/* End XCConfigurationList section */
	};
	rootObject = C17B20A42A43195B006EDAF7 /* Project object */;
}
